{
  "version": 4,
  "terraform_version": "1.5.5",
  "serial": 13,
  "lineage": "72c8d609-f3fa-df6c-e7b5-1c03af887169",
  "outputs": {},
  "resources": [
    {
      "mode": "managed",
      "type": "azurerm_app_service",
      "name": "app_service",
      "provider": "provider[\"registry.terraform.io/hashicorp/azurerm\"]",
      "instances": [
        {
          "schema_version": 0,
          "attributes": {
            "app_service_plan_id": "/subscriptions/463d87be-025c-416b-b8ac-80f4ab5a3007/resourceGroups/app-service-rg/providers/Microsoft.Web/serverfarms/myappservice-plan",
            "app_settings": {
              "WEBSITE_NODE_DEFAULT_VERSION": "6.9.1"
            },
            "auth_settings": [
              {
                "active_directory": [],
                "additional_login_params": {},
                "allowed_external_redirect_urls": [],
                "default_provider": "",
                "enabled": false,
                "facebook": [],
                "google": [],
                "issuer": "",
                "microsoft": [],
                "runtime_version": "",
                "token_refresh_extension_hours": 0,
                "token_store_enabled": false,
                "twitter": [],
                "unauthenticated_client_action": ""
              }
            ],
            "backup": [],
            "client_affinity_enabled": false,
            "client_cert_enabled": false,
            "client_cert_mode": "Required",
            "connection_string": [],
            "custom_domain_verification_id": "9DFD7B92DA6426C73FB08CF4BA7CD6373C0F953E6B64C834B3B082E3473483FE",
            "default_site_hostname": "mywebapp-chetan.azurewebsites.net",
            "enabled": true,
            "https_only": true,
            "id": "/subscriptions/463d87be-025c-416b-b8ac-80f4ab5a3007/resourceGroups/app-service-rg/providers/Microsoft.Web/sites/mywebapp-chetan",
            "identity": [],
            "key_vault_reference_identity_id": "SystemAssigned",
            "location": "eastus",
            "logs": [
              {
                "application_logs": [
                  {
                    "azure_blob_storage": [],
                    "file_system_level": "Off"
                  }
                ],
                "detailed_error_messages_enabled": false,
                "failed_request_tracing_enabled": false,
                "http_logs": [
                  {
                    "azure_blob_storage": [],
                    "file_system": []
                  }
                ]
              }
            ],
            "name": "mywebapp-chetan",
            "outbound_ip_address_list": [
              "20.121.165.149",
              "20.121.165.217",
              "20.121.166.3",
              "20.121.166.51",
              "20.121.166.119",
              "20.121.166.192",
              "20.246.176.249",
              "20.81.115.50",
              "20.246.177.59",
              "20.246.177.93",
              "20.246.177.97",
              "20.246.177.104",
              "20.246.177.145",
              "20.246.177.199",
              "20.246.177.207",
              "20.246.178.61",
              "20.246.178.89",
              "20.246.178.135",
              "20.119.8.56"
            ],
            "outbound_ip_addresses": "20.121.165.149,20.121.165.217,20.121.166.3,20.121.166.51,20.121.166.119,20.121.166.192,20.246.176.249,20.81.115.50,20.246.177.59,20.246.177.93,20.246.177.97,20.246.177.104,20.246.177.145,20.246.177.199,20.246.177.207,20.246.178.61,20.246.178.89,20.246.178.135,20.119.8.56",
            "possible_outbound_ip_address_list": [
              "20.121.165.149",
              "20.121.165.217",
              "20.121.166.3",
              "20.121.166.51",
              "20.121.166.119",
              "20.121.166.192",
              "20.246.176.249",
              "20.81.115.50",
              "20.246.177.59",
              "20.246.177.93",
              "20.246.177.97",
              "20.246.177.104",
              "20.246.177.145",
              "20.246.177.199",
              "20.246.177.207",
              "20.246.178.61",
              "20.246.178.89",
              "20.246.178.135",
              "20.121.167.161",
              "20.237.57.245",
              "20.237.59.26",
              "20.237.59.179",
              "20.237.60.1",
              "20.237.60.152",
              "20.237.62.106",
              "20.237.62.142",
              "20.237.63.61",
              "20.237.63.121",
              "20.237.63.214",
              "20.246.176.12",
              "20.246.176.17",
              "20.246.176.98",
              "20.246.176.104",
              "20.246.176.124",
              "20.246.176.158",
              "20.246.176.237",
              "20.246.176.249",
              "20.81.115.50",
              "20.246.177.59",
              "20.246.177.93",
              "20.246.177.97",
              "20.246.177.104",
              "20.246.177.145",
              "20.246.177.199",
              "20.246.177.207",
              "20.246.178.61",
              "20.246.178.89",
              "20.246.178.135",
              "20.246.178.136",
              "20.246.178.153",
              "20.246.178.154",
              "20.246.178.158",
              "20.246.178.171",
              "20.246.179.207",
              "20.119.8.56"
            ],
            "possible_outbound_ip_addresses": "20.121.165.149,20.121.165.217,20.121.166.3,20.121.166.51,20.121.166.119,20.121.166.192,20.246.176.249,20.81.115.50,20.246.177.59,20.246.177.93,20.246.177.97,20.246.177.104,20.246.177.145,20.246.177.199,20.246.177.207,20.246.178.61,20.246.178.89,20.246.178.135,20.121.167.161,20.237.57.245,20.237.59.26,20.237.59.179,20.237.60.1,20.237.60.152,20.237.62.106,20.237.62.142,20.237.63.61,20.237.63.121,20.237.63.214,20.246.176.12,20.246.176.17,20.246.176.98,20.246.176.104,20.246.176.124,20.246.176.158,20.246.176.237,20.246.176.249,20.81.115.50,20.246.177.59,20.246.177.93,20.246.177.97,20.246.177.104,20.246.177.145,20.246.177.199,20.246.177.207,20.246.178.61,20.246.178.89,20.246.178.135,20.246.178.136,20.246.178.153,20.246.178.154,20.246.178.158,20.246.178.171,20.246.179.207,20.119.8.56",
            "resource_group_name": "app-service-rg",
            "site_config": [
              {
                "acr_use_managed_identity_credentials": false,
                "acr_user_managed_identity_client_id": "",
                "always_on": true,
                "app_command_line": "",
                "auto_swap_slot_name": "",
                "cors": [
                  {
                    "allowed_origins": [],
                    "support_credentials": false
                  }
                ],
                "default_documents": null,
                "dotnet_framework_version": "v2.0",
                "ftps_state": "FtpsOnly",
                "health_check_path": "",
                "http2_enabled": false,
                "ip_restriction": [],
                "java_container": "",
                "java_container_version": "",
                "java_version": "",
                "linux_fx_version": "",
                "local_mysql_enabled": false,
                "managed_pipeline_mode": "Integrated",
                "min_tls_version": "1.2",
                "number_of_workers": 1,
                "php_version": "",
                "python_version": "",
                "remote_debugging_enabled": false,
                "remote_debugging_version": "VS2019",
                "scm_ip_restriction": [],
                "scm_type": "None",
                "scm_use_main_ip_restriction": false,
                "use_32_bit_worker_process": false,
                "vnet_route_all_enabled": false,
                "websockets_enabled": false,
                "windows_fx_version": "Dotnet|v7.0"
              }
            ],
            "site_credential": [
              {
                "password": "j9hXyt3zxkmBZxcsmB7KoLfLvsh9LDCDthrecprZl1lXkRrWQnXWs6tcqPpv",
                "username": "$mywebapp-chetan"
              }
            ],
            "source_control": [
              {
                "branch": "main",
                "manual_integration": false,
                "repo_url": "",
                "rollback_enabled": false,
                "use_mercurial": false
              }
            ],
            "storage_account": [],
            "tags": null,
            "timeouts": null
          },
          "sensitive_attributes": [],
          "private": "eyJlMmJmYjczMC1lY2FhLTExZTYtOGY4OC0zNDM2M2JjN2M0YzAiOnsiY3JlYXRlIjoxODAwMDAwMDAwMDAwLCJkZWxldGUiOjE4MDAwMDAwMDAwMDAsInJlYWQiOjMwMDAwMDAwMDAwMCwidXBkYXRlIjoxODAwMDAwMDAwMDAwfX0=",
          "dependencies": [
            "azurerm_app_service_plan.app_service_plan",
            "azurerm_resource_group.resource_group"
          ]
        }
      ]
    },
    {
      "mode": "managed",
      "type": "azurerm_app_service_plan",
      "name": "app_service_plan",
      "provider": "provider[\"registry.terraform.io/hashicorp/azurerm\"]",
      "instances": [
        {
          "schema_version": 0,
          "attributes": {
            "app_service_environment_id": "",
            "id": "/subscriptions/463d87be-025c-416b-b8ac-80f4ab5a3007/resourceGroups/app-service-rg/providers/Microsoft.Web/serverfarms/myappservice-plan",
            "is_xenon": false,
            "kind": "Windows",
            "location": "eastus",
            "maximum_elastic_worker_count": 1,
            "maximum_number_of_workers": 10,
            "name": "myappservice-plan",
            "per_site_scaling": false,
            "reserved": false,
            "resource_group_name": "app-service-rg",
            "sku": [
              {
                "capacity": 1,
                "size": "S1",
                "tier": "Standard"
              }
            ],
            "tags": null,
            "timeouts": null,
            "zone_redundant": false
          },
          "sensitive_attributes": [],
          "private": "eyJlMmJmYjczMC1lY2FhLTExZTYtOGY4OC0zNDM2M2JjN2M0YzAiOnsiY3JlYXRlIjozNjAwMDAwMDAwMDAwLCJkZWxldGUiOjM2MDAwMDAwMDAwMDAsInJlYWQiOjMwMDAwMDAwMDAwMCwidXBkYXRlIjozNjAwMDAwMDAwMDAwfX0=",
          "dependencies": [
            "azurerm_resource_group.resource_group"
          ]
        }
      ]
    },
    {
      "mode": "managed",
      "type": "azurerm_resource_group",
      "name": "resource_group",
      "provider": "provider[\"registry.terraform.io/hashicorp/azurerm\"]",
      "instances": [
        {
          "schema_version": 0,
          "attributes": {
            "id": "/subscriptions/463d87be-025c-416b-b8ac-80f4ab5a3007/resourceGroups/app-service-rg",
            "location": "eastus",
            "managed_by": "",
            "name": "app-service-rg",
            "tags": null,
            "timeouts": null
          },
          "sensitive_attributes": [],
          "private": "eyJlMmJmYjczMC1lY2FhLTExZTYtOGY4OC0zNDM2M2JjN2M0YzAiOnsiY3JlYXRlIjo1NDAwMDAwMDAwMDAwLCJkZWxldGUiOjU0MDAwMDAwMDAwMDAsInJlYWQiOjMwMDAwMDAwMDAwMCwidXBkYXRlIjo1NDAwMDAwMDAwMDAwfX0="
        }
      ]
    }
  ],
  "check_results": null
}
